github.com/gertd/go-pluralize v0.2.1 h1:M3uASbVjMnTsPb0PNqg+E/24Vwigyo/tvyMTtAlLgiA=
github.com/gertd/go-pluralize v0.2.1/go.mod h1:rbYaKDbsXxmRfr8uygAEKhOWsjyrrqrkHVpZvoOp8zk=
github.com/goccy/go-json v0.9.10 h1:hCeNmprSNLB8B8vQKWl6DpuH0t60oEs+TAk9a7CScKc=
github.com/goccy/go-json v0.9.10/go.mod h1:6MelG93GURQebXPDq3khkgXZkazVtN9CRI+MGFi0w8I=
github.com/iancoleman/strcase v0.2.0 h1:05I4QRnGpI0m37iZQRuskXh+w77mr6Z41lwQzuHLwW0=
github.com/iancoleman/strcase v0.2.0/go.mod h1:iwCmte+B7n89clKwxIoIXy/HfoL7AsD47ZCWhYzw7ho=
golang.org/x/mod v0.5.1 h1:OJxoQ/rynoF0dcCdI7cLPktw/hR2cueqYfjm43oqK38=
golang.org/x/mod v0.5.1/go.mod h1:5OXOZSfqPIIbmVBIIKWRFfZjPR0E5r58TLhUjH0a2Ro=
golang.org/x/xerrors v0.0.0-20191011141410-1b5146add898 h1:/atklqdjdhuosWIl6AIbOeHJjicWYPqR9bpxqxYG2pA=
golang.org/x/xerrors v0.0.0-20191011141410-1b5146add898/go.mod h1:I/5z698sn9Ka8TeJc9MKroUUfqBBauWjQqLJ2OPfmY0=
golang.org/x/xerrors v0.0.0-20220609144429-65e65417b02f h1:uF6paiQQebLeSXkrTqHqz0MXhXXS1KgF41eUdBNvxK0=
golang.org/x/xerrors v0.0.0-20220609144429-65e65417b02f/go.mod h1:K8+ghG5WaK9qNqU5K3HdILfMLy1f3aNYFI/wnl100a8=
gopkg.in/check.v1 v0.0.0-20161208181325-20d25e280405 h1:yhCVgyC4o1eVCa2tZl7eS0r+SDo693bJlVdllGtEeKM=
gopkg.in/check.v1 v0.0.0-20161208181325-20d25e280405/go.mod h1:Co6ibVJAznAaIkqp8huTwlJQCZ016jof/cbN4VW5Yz0=
gopkg.in/yaml.v2 v2.4.0 h1:D8xgwECY7CYvx+Y2n4sBz93Jn9JRvxdiyyo8CTfuKaY=
gopkg.in/yaml.v2 v2.4.0/go.mod h1:RDklbk79AGWmwhnvt/jBztapEOGDOx6ZbXqjP6csGnQ=
